
Microsoft Visual Studio Solution File, Format Version 12.00
# Visual Studio Version 17
VisualStudioVersion = 17.7.34024.191
MinimumVisualStudioVersion = 10.0.40219.1
Project("{9A19103F-16F7-4668-BE54-9A1E7A4F7556}") = "Ann.Cli", "Ann.Cli\Ann.Cli.csproj", "{4A7604D6-73F4-44A7-BD52-85144E2D8376}"
EndProject
Project("{9A19103F-16F7-4668-BE54-9A1E7A4F7556}") = "MlNetExample", "MlNetExample\MlNetExample.csproj", "{841F1F55-DDAD-432F-BD89-5BB5AE14FA53}"
EndProject
Project("{9A19103F-16F7-4668-BE54-9A1E7A4F7556}") = "MyExampleNet", "MyExampleNet\MyExampleNet.csproj", "{CD345ECE-8658-468D-8263-69EDF353C520}"
EndProject
Project("{9A19103F-16F7-4668-BE54-9A1E7A4F7556}") = "AnotherModel", "AnotherModel\AnotherModel.csproj", "{C5191BBC-7E6A-405C-BD01-4508A318A9E8}"
EndProject
Project("{9A19103F-16F7-4668-BE54-9A1E7A4F7556}") = "YetAnotherNN", "YetAnotherNN\YetAnotherNN.csproj", "{B888E419-06C8-4758-965B-EC73EDC20695}"
EndProject
Project("{FAE04EC0-301F-11D3-BF4B-00C04F79EFBC}") = "SolverNN", "SolverNN\SolverNN.csproj", "{3DA8200B-193C-4DF6-8AC6-776F1702E458}"
EndProject
Global
	GlobalSection(SolutionConfigurationPlatforms) = preSolution
		Debug|Any CPU = Debug|Any CPU
		Release|Any CPU = Release|Any CPU
	EndGlobalSection
	GlobalSection(ProjectConfigurationPlatforms) = postSolution
		{4A7604D6-73F4-44A7-BD52-85144E2D8376}.Debug|Any CPU.ActiveCfg = Debug|Any CPU
		{4A7604D6-73F4-44A7-BD52-85144E2D8376}.Debug|Any CPU.Build.0 = Debug|Any CPU
		{4A7604D6-73F4-44A7-BD52-85144E2D8376}.Release|Any CPU.ActiveCfg = Release|Any CPU
		{4A7604D6-73F4-44A7-BD52-85144E2D8376}.Release|Any CPU.Build.0 = Release|Any CPU
		{841F1F55-DDAD-432F-BD89-5BB5AE14FA53}.Debug|Any CPU.ActiveCfg = Debug|Any CPU
		{841F1F55-DDAD-432F-BD89-5BB5AE14FA53}.Debug|Any CPU.Build.0 = Debug|Any CPU
		{841F1F55-DDAD-432F-BD89-5BB5AE14FA53}.Release|Any CPU.ActiveCfg = Release|Any CPU
		{841F1F55-DDAD-432F-BD89-5BB5AE14FA53}.Release|Any CPU.Build.0 = Release|Any CPU
		{CD345ECE-8658-468D-8263-69EDF353C520}.Debug|Any CPU.ActiveCfg = Debug|Any CPU
		{CD345ECE-8658-468D-8263-69EDF353C520}.Debug|Any CPU.Build.0 = Debug|Any CPU
		{CD345ECE-8658-468D-8263-69EDF353C520}.Release|Any CPU.ActiveCfg = Release|Any CPU
		{CD345ECE-8658-468D-8263-69EDF353C520}.Release|Any CPU.Build.0 = Release|Any CPU
		{C5191BBC-7E6A-405C-BD01-4508A318A9E8}.Debug|Any CPU.ActiveCfg = Debug|Any CPU
		{C5191BBC-7E6A-405C-BD01-4508A318A9E8}.Debug|Any CPU.Build.0 = Debug|Any CPU
		{C5191BBC-7E6A-405C-BD01-4508A318A9E8}.Release|Any CPU.ActiveCfg = Release|Any CPU
		{C5191BBC-7E6A-405C-BD01-4508A318A9E8}.Release|Any CPU.Build.0 = Release|Any CPU
		{B888E419-06C8-4758-965B-EC73EDC20695}.Debug|Any CPU.ActiveCfg = Debug|Any CPU
		{B888E419-06C8-4758-965B-EC73EDC20695}.Debug|Any CPU.Build.0 = Debug|Any CPU
		{B888E419-06C8-4758-965B-EC73EDC20695}.Release|Any CPU.ActiveCfg = Release|Any CPU
		{B888E419-06C8-4758-965B-EC73EDC20695}.Release|Any CPU.Build.0 = Release|Any CPU
		{3DA8200B-193C-4DF6-8AC6-776F1702E458}.Debug|Any CPU.ActiveCfg = Debug|Any CPU
		{3DA8200B-193C-4DF6-8AC6-776F1702E458}.Debug|Any CPU.Build.0 = Debug|Any CPU
		{3DA8200B-193C-4DF6-8AC6-776F1702E458}.Release|Any CPU.ActiveCfg = Release|Any CPU
		{3DA8200B-193C-4DF6-8AC6-776F1702E458}.Release|Any CPU.Build.0 = Release|Any CPU
	EndGlobalSection
	GlobalSection(SolutionProperties) = preSolution
		HideSolutionNode = FALSE
	EndGlobalSection
	GlobalSection(ExtensibilityGlobals) = postSolution
		SolutionGuid = {EAA7A004-ED77-4DF4-8A1D-A8DEA61863CD}
	EndGlobalSection
EndGlobal
