
Microsoft Visual Studio Solution File, Format Version 12.00
# Visual Studio Version 17
VisualStudioVersion = 17.8.34511.84
MinimumVisualStudioVersion = 10.0.40219.1
Project("{FAE04EC0-301F-11D3-BF4B-00C04F79EFBC}") = "MlNetExample.Cli", "MlNetExample.Cli\MlNetExample.Cli.csproj", "{E97932FD-D4F2-4E11-BC47-C7C5F5BE5F38}"
EndProject
Project("{9A19103F-16F7-4668-BE54-9A1E7A4F7556}") = "MLModel1_ConsoleApp1", "MLModel1_ConsoleApp1\MLModel1_ConsoleApp1.csproj", "{2ACF1659-8D35-4DA3-B242-168E193F5FAF}"
EndProject
Project("{9A19103F-16F7-4668-BE54-9A1E7A4F7556}") = "MLModel1_WebApi1", "MLModel1_WebApi1\MLModel1_WebApi1.csproj", "{BF54825B-C7AF-48C5-9892-10708566736D}"
EndProject
Global
	GlobalSection(SolutionConfigurationPlatforms) = preSolution
		Debug|Any CPU = Debug|Any CPU
		Release|Any CPU = Release|Any CPU
	EndGlobalSection
	GlobalSection(ProjectConfigurationPlatforms) = postSolution
		{E97932FD-D4F2-4E11-BC47-C7C5F5BE5F38}.Debug|Any CPU.ActiveCfg = Debug|Any CPU
		{E97932FD-D4F2-4E11-BC47-C7C5F5BE5F38}.Debug|Any CPU.Build.0 = Debug|Any CPU
		{E97932FD-D4F2-4E11-BC47-C7C5F5BE5F38}.Release|Any CPU.ActiveCfg = Release|Any CPU
		{E97932FD-D4F2-4E11-BC47-C7C5F5BE5F38}.Release|Any CPU.Build.0 = Release|Any CPU
		{2ACF1659-8D35-4DA3-B242-168E193F5FAF}.Debug|Any CPU.ActiveCfg = Debug|Any CPU
		{2ACF1659-8D35-4DA3-B242-168E193F5FAF}.Debug|Any CPU.Build.0 = Debug|Any CPU
		{2ACF1659-8D35-4DA3-B242-168E193F5FAF}.Release|Any CPU.ActiveCfg = Release|Any CPU
		{2ACF1659-8D35-4DA3-B242-168E193F5FAF}.Release|Any CPU.Build.0 = Release|Any CPU
		{BF54825B-C7AF-48C5-9892-10708566736D}.Debug|Any CPU.ActiveCfg = Debug|Any CPU
		{BF54825B-C7AF-48C5-9892-10708566736D}.Debug|Any CPU.Build.0 = Debug|Any CPU
		{BF54825B-C7AF-48C5-9892-10708566736D}.Release|Any CPU.ActiveCfg = Release|Any CPU
		{BF54825B-C7AF-48C5-9892-10708566736D}.Release|Any CPU.Build.0 = Release|Any CPU
	EndGlobalSection
	GlobalSection(SolutionProperties) = preSolution
		HideSolutionNode = FALSE
	EndGlobalSection
	GlobalSection(ExtensibilityGlobals) = postSolution
		SolutionGuid = {46A2AEDE-4050-41D5-92A7-FA3E48D6CD0B}
	EndGlobalSection
EndGlobal
